
Microsoft Visual Studio Solution File, Format Version 12.00
# Visual Studio Version 16
VisualStudioVersion = 16.0.30717.126
MinimumVisualStudioVersion = 10.0.40219.1
Project("{9A19103F-16F7-4668-BE54-9A1E7A4F7556}") = "EV.Common", "EV.Common\EV.Common.csproj", "{6DE734F2-83AF-4A62-B6A6-16A8B6C8B64A}"
EndProject
Project("{9A19103F-16F7-4668-BE54-9A1E7A4F7556}") = "LuckyDrawApp", "LuckyDrawApp\LuckyDrawApp.csproj", "{2BDB8BDA-9AA2-4789-AA17-9AB60C35BD66}"
EndProject
Global
	GlobalSection(SolutionConfigurationPlatforms) = preSolution
		Debug|Any CPU = Debug|Any CPU
		Release|Any CPU = Release|Any CPU
	EndGlobalSection
	GlobalSection(ProjectConfigurationPlatforms) = postSolution
		{6DE734F2-83AF-4A62-B6A6-16A8B6C8B64A}.Debug|Any CPU.ActiveCfg = Debug|Any CPU
		{6DE734F2-83AF-4A62-B6A6-16A8B6C8B64A}.Debug|Any CPU.Build.0 = Debug|Any CPU
		{6DE734F2-83AF-4A62-B6A6-16A8B6C8B64A}.Release|Any CPU.ActiveCfg = Release|Any CPU
		{6DE734F2-83AF-4A62-B6A6-16A8B6C8B64A}.Release|Any CPU.Build.0 = Release|Any CPU
		{2BDB8BDA-9AA2-4789-AA17-9AB60C35BD66}.Debug|Any CPU.ActiveCfg = Debug|Any CPU
		{2BDB8BDA-9AA2-4789-AA17-9AB60C35BD66}.Debug|Any CPU.Build.0 = Debug|Any CPU
		{2BDB8BDA-9AA2-4789-AA17-9AB60C35BD66}.Release|Any CPU.ActiveCfg = Release|Any CPU
		{2BDB8BDA-9AA2-4789-AA17-9AB60C35BD66}.Release|Any CPU.Build.0 = Release|Any CPU
	EndGlobalSection
	GlobalSection(SolutionProperties) = preSolution
		HideSolutionNode = FALSE
	EndGlobalSection
	GlobalSection(ExtensibilityGlobals) = postSolution
		SolutionGuid = {3C335FE9-2C90-4874-A935-C248A00986A0}
	EndGlobalSection
EndGlobal
